
Microsoft Visual Studio Solution File, Format Version 12.00
# Visual Studio 15
VisualStudioVersion = 15.0.26403.7
MinimumVisualStudioVersion = 10.0.40219.1
Project("{FAE04EC0-301F-11D3-BF4B-00C04F79EFBC}") = "Scratchpad", "Scratchpad\Scratchpad.csproj", "{D71AB26B-EABF-4BB2-B52F-9B93396722DE}"
EndProject
Project("{FAE04EC0-301F-11D3-BF4B-00C04F79EFBC}") = "People", "People\People.csproj", "{AA6219D4-BBCF-44FD-A4B1-52D0FEA1FB74}"
EndProject
Project("{FAE04EC0-301F-11D3-BF4B-00C04F79EFBC}") = "Airplanes", "Airplanes\Airplanes.csproj", "{370D747B-AEB9-4E55-A6B4-9DCF890FD286}"
EndProject
Project("{FAE04EC0-301F-11D3-BF4B-00C04F79EFBC}") = "Airports", "Airports\Airports.csproj", "{75B5C3A6-A765-4FE7-AB3D-3CE49E80F309}"
EndProject
Project("{FAE04EC0-301F-11D3-BF4B-00C04F79EFBC}") = "ScratchpadConsole", "ScratchpadConsole\ScratchpadConsole.csproj", "{B52A1F2F-75BB-4BBA-BFE8-E65C500B3218}"
EndProject
Global
	GlobalSection(SolutionConfigurationPlatforms) = preSolution
		Debug|Any CPU = Debug|Any CPU
		Release|Any CPU = Release|Any CPU
	EndGlobalSection
	GlobalSection(ProjectConfigurationPlatforms) = postSolution
		{D71AB26B-EABF-4BB2-B52F-9B93396722DE}.Debug|Any CPU.ActiveCfg = Debug|Any CPU
		{D71AB26B-EABF-4BB2-B52F-9B93396722DE}.Debug|Any CPU.Build.0 = Debug|Any CPU
		{D71AB26B-EABF-4BB2-B52F-9B93396722DE}.Release|Any CPU.ActiveCfg = Release|Any CPU
		{D71AB26B-EABF-4BB2-B52F-9B93396722DE}.Release|Any CPU.Build.0 = Release|Any CPU
		{AA6219D4-BBCF-44FD-A4B1-52D0FEA1FB74}.Debug|Any CPU.ActiveCfg = Debug|Any CPU
		{AA6219D4-BBCF-44FD-A4B1-52D0FEA1FB74}.Debug|Any CPU.Build.0 = Debug|Any CPU
		{AA6219D4-BBCF-44FD-A4B1-52D0FEA1FB74}.Release|Any CPU.ActiveCfg = Release|Any CPU
		{AA6219D4-BBCF-44FD-A4B1-52D0FEA1FB74}.Release|Any CPU.Build.0 = Release|Any CPU
		{370D747B-AEB9-4E55-A6B4-9DCF890FD286}.Debug|Any CPU.ActiveCfg = Debug|Any CPU
		{370D747B-AEB9-4E55-A6B4-9DCF890FD286}.Debug|Any CPU.Build.0 = Debug|Any CPU
		{370D747B-AEB9-4E55-A6B4-9DCF890FD286}.Release|Any CPU.ActiveCfg = Release|Any CPU
		{370D747B-AEB9-4E55-A6B4-9DCF890FD286}.Release|Any CPU.Build.0 = Release|Any CPU
		{75B5C3A6-A765-4FE7-AB3D-3CE49E80F309}.Debug|Any CPU.ActiveCfg = Debug|Any CPU
		{75B5C3A6-A765-4FE7-AB3D-3CE49E80F309}.Debug|Any CPU.Build.0 = Debug|Any CPU
		{75B5C3A6-A765-4FE7-AB3D-3CE49E80F309}.Release|Any CPU.ActiveCfg = Release|Any CPU
		{75B5C3A6-A765-4FE7-AB3D-3CE49E80F309}.Release|Any CPU.Build.0 = Release|Any CPU
		{B52A1F2F-75BB-4BBA-BFE8-E65C500B3218}.Debug|Any CPU.ActiveCfg = Debug|Any CPU
		{B52A1F2F-75BB-4BBA-BFE8-E65C500B3218}.Debug|Any CPU.Build.0 = Debug|Any CPU
		{B52A1F2F-75BB-4BBA-BFE8-E65C500B3218}.Release|Any CPU.ActiveCfg = Release|Any CPU
		{B52A1F2F-75BB-4BBA-BFE8-E65C500B3218}.Release|Any CPU.Build.0 = Release|Any CPU
	EndGlobalSection
	GlobalSection(SolutionProperties) = preSolution
		HideSolutionNode = FALSE
	EndGlobalSection
	GlobalSection(ExtensibilityGlobals) = postSolution
		SolutionGuid = {8CEEC425-2449-4C3E-B369-1C0E669342D7}
	EndGlobalSection
EndGlobal
